// !$*UTF8*$!
{
	archiveVersion = 1;
	classes = {
	};
	objectVersion = 50;
	objects = {

/* Begin PBXBuildFile section */
		4DCEA32E7885EF5F5AAA91AA /* Pods_PLShopCart.framework in Frameworks */ = {isa = PBXBuildFile; fileRef = 901DD130A76C74C0E52E7CB8 /* Pods_PLShopCart.framework */; };
		72371384D4C2D45ED6AB57DD /* Pods_PLShopCart_PLShopCartUITests.framework in Frameworks */ = {isa = PBXBuildFile; fileRef = C1BBD48C8E16D927976DAF15 /* Pods_PLShopCart_PLShopCartUITests.framework */; };
		E8EE0F28E4775D0E4681D881 /* Pods_PLShopCartTests.framework in Frameworks */ = {isa = PBXBuildFile; fileRef = 9F62F9BB8E86FE22AA12564F /* Pods_PLShopCartTests.framework */; };
		ED270BBE24892B28005F70F4 /* AppDelegate.m in Sources */ = {isa = PBXBuildFile; fileRef = ED270BBD24892B28005F70F4 /* AppDelegate.m */; };
		ED270BC124892B28005F70F4 /* SceneDelegate.m in Sources */ = {isa = PBXBuildFile; fileRef = ED270BC024892B28005F70F4 /* SceneDelegate.m */; };
		ED270BC424892B28005F70F4 /* ViewController.m in Sources */ = {isa = PBXBuildFile; fileRef = ED270BC324892B28005F70F4 /* ViewController.m */; };
		ED270BC724892B28005F70F4 /* Main.storyboard in Resources */ = {isa = PBXBuildFile; fileRef = ED270BC524892B28005F70F4 /* Main.storyboard */; };
		ED270BC924892B2D005F70F4 /* Assets.xcassets in Resources */ = {isa = PBXBuildFile; fileRef = ED270BC824892B2D005F70F4 /* Assets.xcassets */; };
		ED270BCC24892B2D005F70F4 /* LaunchScreen.storyboard in Resources */ = {isa = PBXBuildFile; fileRef = ED270BCA24892B2D005F70F4 /* LaunchScreen.storyboard */; };
		ED270BCF24892B2D005F70F4 /* main.m in Sources */ = {isa = PBXBuildFile; fileRef = ED270BCE24892B2D005F70F4 /* main.m */; };
		ED270BD924892B2E005F70F4 /* PLShopCartTests.m in Sources */ = {isa = PBXBuildFile; fileRef = ED270BD824892B2E005F70F4 /* PLShopCartTests.m */; };
		ED270BE424892B2E005F70F4 /* PLShopCartUITests.m in Sources */ = {isa = PBXBuildFile; fileRef = ED270BE324892B2E005F70F4 /* PLShopCartUITests.m */; };
/* End PBXBuildFile section */

/* Begin PBXContainerItemProxy section */
		ED270BD524892B2E005F70F4 /* PBXContainerItemProxy */ = {
			isa = PBXContainerItemProxy;
			containerPortal = ED270BB124892B28005F70F4 /* Project object */;
			proxyType = 1;
			remoteGlobalIDString = ED270BB824892B28005F70F4;
			remoteInfo = PLShopCart;
		};
		ED270BE024892B2E005F70F4 /* PBXContainerItemProxy */ = {
			isa = PBXContainerItemProxy;
			containerPortal = ED270BB124892B28005F70F4 /* Project object */;
			proxyType = 1;
			remoteGlobalIDString = ED270BB824892B28005F70F4;
			remoteInfo = PLShopCart;
		};
/* End PBXContainerItemProxy section */

/* Begin PBXFileReference section */
		233120C20F05D9D4184257F1 /* Pods-PLShopCart.release.xcconfig */ = {isa = PBXFileReference; includeInIndex = 1; lastKnownFileType = text.xcconfig; name = "Pods-PLShopCart.release.xcconfig"; path = "Target Support Files/Pods-PLShopCart/Pods-PLShopCart.release.xcconfig"; sourceTree = "<group>"; };
		57B6D3629D0048FDA0C77C8E /* Pods-PLShopCart.debug.xcconfig */ = {isa = PBXFileReference; includeInIndex = 1; lastKnownFileType = text.xcconfig; name = "Pods-PLShopCart.debug.xcconfig"; path = "Target Support Files/Pods-PLShopCart/Pods-PLShopCart.debug.xcconfig"; sourceTree = "<group>"; };
		883BB0B7B5FDEA5549AC5B58 /* Pods-PLShopCartTests.debug.xcconfig */ = {isa = PBXFileReference; includeInIndex = 1; lastKnownFileType = text.xcconfig; name = "Pods-PLShopCartTests.debug.xcconfig"; path = "Target Support Files/Pods-PLShopCartTests/Pods-PLShopCartTests.debug.xcconfig"; sourceTree = "<group>"; };
		901DD130A76C74C0E52E7CB8 /* Pods_PLShopCart.framework */ = {isa = PBXFileReference; explicitFileType = wrapper.framework; includeInIndex = 0; path = Pods_PLShopCart.framework; sourceTree = BUILT_PRODUCTS_DIR; };
		9F62F9BB8E86FE22AA12564F /* Pods_PLShopCartTests.framework */ = {isa = PBXFileReference; explicitFileType = wrapper.framework; includeInIndex = 0; path = Pods_PLShopCartTests.framework; sourceTree = BUILT_PRODUCTS_DIR; };
		A77D96645C31C7E564D3A042 /* Pods-PLShopCart-PLShopCartUITests.debug.xcconfig */ = {isa = PBXFileReference; includeInIndex = 1; lastKnownFileType = text.xcconfig; name = "Pods-PLShopCart-PLShopCartUITests.debug.xcconfig"; path = "Target Support Files/Pods-PLShopCart-PLShopCartUITests/Pods-PLShopCart-PLShopCartUITests.debug.xcconfig"; sourceTree = "<group>"; };
		AFC5F0018949287F78EF62F1 /* Pods-PLShopCartTests.release.xcconfig */ = {isa = PBXFileReference; includeInIndex = 1; lastKnownFileType = text.xcconfig; name = "Pods-PLShopCartTests.release.xcconfig"; path = "Target Support Files/Pods-PLShopCartTests/Pods-PLShopCartTests.release.xcconfig"; sourceTree = "<group>"; };
		BADCB6346509875313747A5B /* Pods-PLShopCart-PLShopCartUITests.release.xcconfig */ = {isa = PBXFileReference; includeInIndex = 1; lastKnownFileType = text.xcconfig; name = "Pods-PLShopCart-PLShopCartUITests.release.xcconfig"; path = "Target Support Files/Pods-PLShopCart-PLShopCartUITests/Pods-PLShopCart-PLShopCartUITests.release.xcconfig"; sourceTree = "<group>"; };
		C1BBD48C8E16D927976DAF15 /* Pods_PLShopCart_PLShopCartUITests.framework */ = {isa = PBXFileReference; explicitFileType = wrapper.framework; includeInIndex = 0; path = Pods_PLShopCart_PLShopCartUITests.framework; sourceTree = BUILT_PRODUCTS_DIR; };
		ED270BB924892B28005F70F4 /* PLShopCart.app */ = {isa = PBXFileReference; explicitFileType = wrapper.application; includeInIndex = 0; path = PLShopCart.app; sourceTree = BUILT_PRODUCTS_DIR; };
		ED270BBC24892B28005F70F4 /* AppDelegate.h */ = {isa = PBXFileReference; lastKnownFileType = sourcecode.c.h; path = AppDelegate.h; sourceTree = "<group>"; };
		ED270BBD24892B28005F70F4 /* AppDelegate.m */ = {isa = PBXFileReference; lastKnownFileType = sourcecode.c.objc; path = AppDelegate.m; sourceTree = "<group>"; };
		ED270BBF24892B28005F70F4 /* SceneDelegate.h */ = {isa = PBXFileReference; lastKnownFileType = sourcecode.c.h; path = SceneDelegate.h; sourceTree = "<group>"; };
		ED270BC024892B28005F70F4 /* SceneDelegate.m */ = {isa = PBXFileReference; lastKnownFileType = sourcecode.c.objc; path = SceneDelegate.m; sourceTree = "<group>"; };
		ED270BC224892B28005F70F4 /* ViewController.h */ = {isa = PBXFileReference; lastKnownFileType = sourcecode.c.h; path = ViewController.h; sourceTree = "<group>"; };
		ED270BC324892B28005F70F4 /* ViewController.m */ = {isa = PBXFileReference; lastKnownFileType = sourcecode.c.objc; path = ViewController.m; sourceTree = "<group>"; };
		ED270BC624892B28005F70F4 /* Base */ = {isa = PBXFileReference; lastKnownFileType = file.storyboard; name = Base; path = Base.lproj/Main.storyboard; sourceTree = "<group>"; };
		ED270BC824892B2D005F70F4 /* Assets.xcassets */ = {isa = PBXFileReference; lastKnownFileType = folder.assetcatalog; path = Assets.xcassets; sourceTree = "<group>"; };
		ED270BCB24892B2D005F70F4 /* Base */ = {isa = PBXFileReference; lastKnownFileType = file.storyboard; name = Base; path = Base.lproj/LaunchScreen.storyboard; sourceTree = "<group>"; };
		ED270BCD24892B2D005F70F4 /* Info.plist */ = {isa = PBXFileReference; lastKnownFileType = text.plist.xml; path = Info.plist; sourceTree = "<group>"; };
		ED270BCE24892B2D005F70F4 /* main.m */ = {isa = PBXFileReference; lastKnownFileType = sourcecode.c.objc; path = main.m; sourceTree = "<group>"; };
		ED270BD424892B2E005F70F4 /* PLShopCartTests.xctest */ = {isa = PBXFileReference; explicitFileType = wrapper.cfbundle; includeInIndex = 0; path = PLShopCartTests.xctest; sourceTree = BUILT_PRODUCTS_DIR; };
		ED270BD824892B2E005F70F4 /* PLShopCartTests.m */ = {isa = PBXFileReference; lastKnownFileType = sourcecode.c.objc; path = PLShopCartTests.m; sourceTree = "<group>"; };
		ED270BDA24892B2E005F70F4 /* Info.plist */ = {isa = PBXFileReference; lastKnownFileType = text.plist.xml; path = Info.plist; sourceTree = "<group>"; };
		ED270BDF24892B2E005F70F4 /* PLShopCartUITests.xctest */ = {isa = PBXFileReference; explicitFileType = wrapper.cfbundle; includeInIndex = 0; path = PLShopCartUITests.xctest; sourceTree = BUILT_PRODUCTS_DIR; };
		ED270BE324892B2E005F70F4 /* PLShopCartUITests.m */ = {isa = PBXFileReference; lastKnownFileType = sourcecode.c.objc; path = PLShopCartUITests.m; sourceTree = "<group>"; };
		ED270BE524892B2E005F70F4 /* Info.plist */ = {isa = PBXFileReference; lastKnownFileType = text.plist.xml; path = Info.plist; sourceTree = "<group>"; };
/* End PBXFileReference section */

/* Begin PBXFrameworksBuildPhase section */
		ED270BB624892B28005F70F4 /* Frameworks */ = {
			isa = PBXFrameworksBuildPhase;
			buildActionMask = 2147483647;
			files = (
				4DCEA32E7885EF5F5AAA91AA /* Pods_PLShopCart.framework in Frameworks */,
			);
			runOnlyForDeploymentPostprocessing = 0;
		};
		ED270BD124892B2E005F70F4 /* Frameworks */ = {
			isa = PBXFrameworksBuildPhase;
			buildActionMask = 2147483647;
			files = (
				E8EE0F28E4775D0E4681D881 /* Pods_PLShopCartTests.framework in Frameworks */,
			);
			runOnlyForDeploymentPostprocessing = 0;
		};
		ED270BDC24892B2E005F70F4 /* Frameworks */ = {
			isa = PBXFrameworksBuildPhase;
			buildActionMask = 2147483647;
			files = (
				72371384D4C2D45ED6AB57DD /* Pods_PLShopCart_PLShopCartUITests.framework in Frameworks */,
			);
			runOnlyForDeploymentPostprocessing = 0;
		};
/* End PBXFrameworksBuildPhase section */

/* Begin PBXGroup section */
		15B86856B3DE64F3B5EA8CAF /* Pods */ = {
			isa = PBXGroup;
			children = (
				57B6D3629D0048FDA0C77C8E /* Pods-PLShopCart.debug.xcconfig */,
				233120C20F05D9D4184257F1 /* Pods-PLShopCart.release.xcconfig */,
				A77D96645C31C7E564D3A042 /* Pods-PLShopCart-PLShopCartUITests.debug.xcconfig */,
				BADCB6346509875313747A5B /* Pods-PLShopCart-PLShopCartUITests.release.xcconfig */,
				883BB0B7B5FDEA5549AC5B58 /* Pods-PLShopCartTests.debug.xcconfig */,
				AFC5F0018949287F78EF62F1 /* Pods-PLShopCartTests.release.xcconfig */,
			);
			name = Pods;
			path = Pods;
			sourceTree = "<group>";
		};
		8A87612BB29D1298675D63F4 /* Frameworks */ = {
			isa = PBXGroup;
			children = (
				901DD130A76C74C0E52E7CB8 /* Pods_PLShopCart.framework */,
				C1BBD48C8E16D927976DAF15 /* Pods_PLShopCart_PLShopCartUITests.framework */,
				9F62F9BB8E86FE22AA12564F /* Pods_PLShopCartTests.framework */,
			);
			name = Frameworks;
			sourceTree = "<group>";
		};
		ED270BB024892B28005F70F4 = {
			isa = PBXGroup;
			children = (
				ED270BBB24892B28005F70F4 /* PLShopCart */,
				ED270BD724892B2E005F70F4 /* PLShopCartTests */,
				ED270BE224892B2E005F70F4 /* PLShopCartUITests */,
				ED270BBA24892B28005F70F4 /* Products */,
				15B86856B3DE64F3B5EA8CAF /* Pods */,
				8A87612BB29D1298675D63F4 /* Frameworks */,
			);
			sourceTree = "<group>";
		};
		ED270BBA24892B28005F70F4 /* Products */ = {
			isa = PBXGroup;
			children = (
				ED270BB924892B28005F70F4 /* PLShopCart.app */,
				ED270BD424892B2E005F70F4 /* PLShopCartTests.xctest */,
				ED270BDF24892B2E005F70F4 /* PLShopCartUITests.xctest */,
			);
			name = Products;
			sourceTree = "<group>";
		};
		ED270BBB24892B28005F70F4 /* PLShopCart */ = {
			isa = PBXGroup;
			children = (
				ED270BBC24892B28005F70F4 /* AppDelegate.h */,
				ED270BBD24892B28005F70F4 /* AppDelegate.m */,
				ED270BBF24892B28005F70F4 /* SceneDelegate.h */,
				ED270BC024892B28005F70F4 /* SceneDelegate.m */,
				ED270BC224892B28005F70F4 /* ViewController.h */,
				ED270BC324892B28005F70F4 /* ViewController.m */,
				ED270BC524892B28005F70F4 /* Main.storyboard */,
				ED270BC824892B2D005F70F4 /* Assets.xcassets */,
				ED270BCA24892B2D005F70F4 /* LaunchScreen.storyboard */,
				ED270BCD24892B2D005F70F4 /* Info.plist */,
				ED270BCE24892B2D005F70F4 /* main.m */,
			);
			path = PLShopCart;
			sourceTree = "<group>";
		};
		ED270BD724892B2E005F70F4 /* PLShopCartTests */ = {
			isa = PBXGroup;
			children = (
				ED270BD824892B2E005F70F4 /* PLShopCartTests.m */,
				ED270BDA24892B2E005F70F4 /* Info.plist */,
			);
			path = PLShopCartTests;
			sourceTree = "<group>";
		};
		ED270BE224892B2E005F70F4 /* PLShopCartUITests */ = {
			isa = PBXGroup;
			children = (
				ED270BE324892B2E005F70F4 /* PLShopCartUITests.m */,
				ED270BE524892B2E005F70F4 /* Info.plist */,
			);
			path = PLShopCartUITests;
			sourceTree = "<group>";
		};
/* End PBXGroup section */

/* Begin PBXNativeTarget section */
		ED270BB824892B28005F70F4 /* PLShopCart */ = {
			isa = PBXNativeTarget;
			buildConfigurationList = ED270BE824892B2E005F70F4 /* Build configuration list for PBXNativeTarget "PLShopCart" */;
			buildPhases = (
				013F80F2B571CE5A9BD213E0 /* [CP] Check Pods Manifest.lock */,
				ED270BB524892B28005F70F4 /* Sources */,
				ED270BB624892B28005F70F4 /* Frameworks */,
				ED270BB724892B28005F70F4 /* Resources */,
				11682318AF9E11C34464A79A /* [CP] Embed Pods Frameworks */,
			);
			buildRules = (
			);
			dependencies = (
			);
			name = PLShopCart;
			productName = PLShopCart;
			productReference = ED270BB924892B28005F70F4 /* PLShopCart.app */;
			productType = "com.apple.product-type.application";
		};
		ED270BD324892B2E005F70F4 /* PLShopCartTests */ = {
			isa = PBXNativeTarget;
			buildConfigurationList = ED270BEB24892B2E005F70F4 /* Build configuration list for PBXNativeTarget "PLShopCartTests" */;
			buildPhases = (
				B90D8F66EA0C1D9287C1EC6B /* [CP] Check Pods Manifest.lock */,
				ED270BD024892B2E005F70F4 /* Sources */,
				ED270BD124892B2E005F70F4 /* Frameworks */,
				ED270BD224892B2E005F70F4 /* Resources */,
			);
			buildRules = (
			);
			dependencies = (
				ED270BD624892B2E005F70F4 /* PBXTargetDependency */,
			);
			name = PLShopCartTests;
			productName = PLShopCartTests;
			productReference = ED270BD424892B2E005F70F4 /* PLShopCartTests.xctest */;
			productType = "com.apple.product-type.bundle.unit-test";
		};
		ED270BDE24892B2E005F70F4 /* PLShopCartUITests */ = {
			isa = PBXNativeTarget;
			buildConfigurationList = ED270BEE24892B2E005F70F4 /* Build configuration list for PBXNativeTarget "PLShopCartUITests" */;
			buildPhases = (
				D3314DE9FDBEDFD0AD4C5FDA /* [CP] Check Pods Manifest.lock */,
				ED270BDB24892B2E005F70F4 /* Sources */,
				ED270BDC24892B2E005F70F4 /* Frameworks */,
				ED270BDD24892B2E005F70F4 /* Resources */,
				5F3919F0E7CB8F4B6907A44A /* [CP] Embed Pods Frameworks */,
			);
			buildRules = (
			);
			dependencies = (
				ED270BE124892B2E005F70F4 /* PBXTargetDependency */,
			);
			name = PLShopCartUITests;
			productName = PLShopCartUITests;
			productReference = ED270BDF24892B2E005F70F4 /* PLShopCartUITests.xctest */;
			productType = "com.apple.product-type.bundle.ui-testing";
		};
/* End PBXNativeTarget section */

/* Begin PBXProject section */
		ED270BB124892B28005F70F4 /* Project object */ = {
			isa = PBXProject;
			attributes = {
				LastUpgradeCheck = 1140;
				ORGANIZATIONNAME = "潘林海";
				TargetAttributes = {
					ED270BB824892B28005F70F4 = {
						CreatedOnToolsVersion = 11.4.1;
					};
					ED270BD324892B2E005F70F4 = {
						CreatedOnToolsVersion = 11.4.1;
						TestTargetID = ED270BB824892B28005F70F4;
					};
					ED270BDE24892B2E005F70F4 = {
						CreatedOnToolsVersion = 11.4.1;
						TestTargetID = ED270BB824892B28005F70F4;
					};
				};
			};
			buildConfigurationList = ED270BB424892B28005F70F4 /* Build configuration list for PBXProject "PLShopCart" */;
			compatibilityVersion = "Xcode 9.3";
			developmentRegion = en;
			hasScannedForEncodings = 0;
			knownRegions = (
				en,
				Base,
			);
			mainGroup = ED270BB024892B28005F70F4;
			productRefGroup = ED270BBA24892B28005F70F4 /* Products */;
			projectDirPath = "";
			projectRoot = "";
			targets = (
				ED270BB824892B28005F70F4 /* PLShopCart */,
				ED270BD324892B2E005F70F4 /* PLShopCartTests */,
				ED270BDE24892B2E005F70F4 /* PLShopCartUITests */,
			);
		};
/* End PBXProject section */

/* Begin PBXResourcesBuildPhase section */
		ED270BB724892B28005F70F4 /* Resources */ = {
			isa = PBXResourcesBuildPhase;
			buildActionMask = 2147483647;
			files = (
				ED270BCC24892B2D005F70F4 /* LaunchScreen.storyboard in Resources */,
				ED270BC924892B2D005F70F4 /* Assets.xcassets in Resources */,
				ED270BC724892B28005F70F4 /* Main.storyboard in Resources */,
			);
			runOnlyForDeploymentPostprocessing = 0;
		};
		ED270BD224892B2E005F70F4 /* Resources */ = {
			isa = PBXResourcesBuildPhase;
			buildActionMask = 2147483647;
			files = (
			);
			runOnlyForDeploymentPostprocessing = 0;
		};
		ED270BDD24892B2E005F70F4 /* Resources */ = {
			isa = PBXResourcesBuildPhase;
			buildActionMask = 2147483647;
			files = (
			);
			runOnlyForDeploymentPostprocessing = 0;
		};
/* End PBXResourcesBuildPhase section */

/* Begin PBXShellScriptBuildPhase section */
		013F80F2B571CE5A9BD213E0 /* [CP] Check Pods Manifest.lock */ = {
			isa = PBXShellScriptBuildPhase;
			buildActionMask = 2147483647;
			files = (
			);
			inputFileListPaths = (
			);
			inputPaths = (
				"${PODS_PODFILE_DIR_PATH}/Podfile.lock",
				"${PODS_ROOT}/Manifest.lock",
			);
			name = "[CP] Check Pods Manifest.lock";
			outputFileListPaths = (
			);
			outputPaths = (
				"$(DERIVED_FILE_DIR)/Pods-PLShopCart-checkManifestLockResult.txt",
			);
			runOnlyForDeploymentPostprocessing = 0;
			shellPath = /bin/sh;
			shellScript = "diff \"${PODS_PODFILE_DIR_PATH}/Podfile.lock\" \"${PODS_ROOT}/Manifest.lock\" > /dev/null\nif [ $? != 0 ] ; then\n    # print error to STDERR\n    echo \"error: The sandbox is not in sync with the Podfile.lock. Run 'pod install' or update your CocoaPods installation.\" >&2\n    exit 1\nfi\n# This output is used by Xcode 'outputs' to avoid re-running this script phase.\necho \"SUCCESS\" > \"${SCRIPT_OUTPUT_FILE_0}\"\n";
			showEnvVarsInLog = 0;
		};
		11682318AF9E11C34464A79A /* [CP] Embed Pods Frameworks */ = {
			isa = PBXShellScriptBuildPhase;
			buildActionMask = 2147483647;
			files = (
			);
			inputFileListPaths = (
				"${PODS_ROOT}/Target Support Files/Pods-PLShopCart/Pods-PLShopCart-frameworks-${CONFIGURATION}-input-files.xcfilelist",
			);
			name = "[CP] Embed Pods Frameworks";
			outputFileListPaths = (
				"${PODS_ROOT}/Target Support Files/Pods-PLShopCart/Pods-PLShopCart-frameworks-${CONFIGURATION}-output-files.xcfilelist",
			);
			runOnlyForDeploymentPostprocessing = 0;
			shellPath = /bin/sh;
			shellScript = "\"${PODS_ROOT}/Target Support Files/Pods-PLShopCart/Pods-PLShopCart-frameworks.sh\"\n";
			showEnvVarsInLog = 0;
		};
		5F3919F0E7CB8F4B6907A44A /* [CP] Embed Pods Frameworks */ = {
			isa = PBXShellScriptBuildPhase;
			buildActionMask = 2147483647;
			files = (
			);
			inputFileListPaths = (
				"${PODS_ROOT}/Target Support Files/Pods-PLShopCart-PLShopCartUITests/Pods-PLShopCart-PLShopCartUITests-frameworks-${CONFIGURATION}-input-files.xcfilelist",
			);
			name = "[CP] Embed Pods Frameworks";
			outputFileListPaths = (
				"${PODS_ROOT}/Target Support Files/Pods-PLShopCart-PLShopCartUITests/Pods-PLShopCart-PLShopCartUITests-frameworks-${CONFIGURATION}-output-files.xcfilelist",
			);
			runOnlyForDeploymentPostprocessing = 0;
			shellPath = /bin/sh;
			shellScript = "\"${PODS_ROOT}/Target Support Files/Pods-PLShopCart-PLShopCartUITests/Pods-PLShopCart-PLShopCartUITests-frameworks.sh\"\n";
			showEnvVarsInLog = 0;
		};
		B90D8F66EA0C1D9287C1EC6B /* [CP] Check Pods Manifest.lock */ = {
			isa = PBXShellScriptBuildPhase;
			buildActionMask = 2147483647;
			files = (
			);
			inputFileListPaths = (
			);
			inputPaths = (
				"${PODS_PODFILE_DIR_PATH}/Podfile.lock",
				"${PODS_ROOT}/Manifest.lock",
			);
			name = "[CP] Check Pods Manifest.lock";
			outputFileListPaths = (
			);
			outputPaths = (
				"$(DERIVED_FILE_DIR)/Pods-PLShopCartTests-checkManifestLockResult.txt",
			);
			runOnlyForDeploymentPostprocessing = 0;
			shellPath = /bin/sh;
			shellScript = "diff \"${PODS_PODFILE_DIR_PATH}/Podfile.lock\" \"${PODS_ROOT}/Manifest.lock\" > /dev/null\nif [ $? != 0 ] ; then\n    # print error to STDERR\n    echo \"error: The sandbox is not in sync with the Podfile.lock. Run 'pod install' or update your CocoaPods installation.\" >&2\n    exit 1\nfi\n# This output is used by Xcode 'outputs' to avoid re-running this script phase.\necho \"SUCCESS\" > \"${SCRIPT_OUTPUT_FILE_0}\"\n";
			showEnvVarsInLog = 0;
		};
		D3314DE9FDBEDFD0AD4C5FDA /* [CP] Check Pods Manifest.lock */ = {
			isa = PBXShellScriptBuildPhase;
			buildActionMask = 2147483647;
			files = (
			);
			inputFileListPaths = (
			);
			inputPaths = (
				"${PODS_PODFILE_DIR_PATH}/Podfile.lock",
				"${PODS_ROOT}/Manifest.lock",
			);
			name = "[CP] Check Pods Manifest.lock";
			outputFileListPaths = (
			);
			outputPaths = (
				"$(DERIVED_FILE_DIR)/Pods-PLShopCart-PLShopCartUITests-checkManifestLockResult.txt",
			);
			runOnlyForDeploymentPostprocessing = 0;
			shellPath = /bin/sh;
			shellScript = "diff \"${PODS_PODFILE_DIR_PATH}/Podfile.lock\" \"${PODS_ROOT}/Manifest.lock\" > /dev/null\nif [ $? != 0 ] ; then\n    # print error to STDERR\n    echo \"error: The sandbox is not in sync with the Podfile.lock. Run 'pod install' or update your CocoaPods installation.\" >&2\n    exit 1\nfi\n# This output is used by Xcode 'outputs' to avoid re-running this script phase.\necho \"SUCCESS\" > \"${SCRIPT_OUTPUT_FILE_0}\"\n";
			showEnvVarsInLog = 0;
		};
/* End PBXShellScriptBuildPhase section */

/* Begin PBXSourcesBuildPhase section */
		ED270BB524892B28005F70F4 /* Sources */ = {
			isa = PBXSourcesBuildPhase;
			buildActionMask = 2147483647;
			files = (
				ED270BC424892B28005F70F4 /* ViewController.m in Sources */,
				ED270BBE24892B28005F70F4 /* AppDelegate.m in Sources */,
				ED270BCF24892B2D005F70F4 /* main.m in Sources */,
				ED270BC124892B28005F70F4 /* SceneDelegate.m in Sources */,
			);
			runOnlyForDeploymentPostprocessing = 0;
		};
		ED270BD024892B2E005F70F4 /* Sources */ = {
			isa = PBXSourcesBuildPhase;
			buildActionMask = 2147483647;
			files = (
				ED270BD924892B2E005F70F4 /* PLShopCartTests.m in Sources */,
			);
			runOnlyForDeploymentPostprocessing = 0;
		};
		ED270BDB24892B2E005F70F4 /* Sources */ = {
			isa = PBXSourcesBuildPhase;
			buildActionMask = 2147483647;
			files = (
				ED270BE424892B2E005F70F4 /* PLShopCartUITests.m in Sources */,
			);
			runOnlyForDeploymentPostprocessing = 0;
		};
/* End PBXSourcesBuildPhase section */

/* Begin PBXTargetDependency section */
		ED270BD624892B2E005F70F4 /* PBXTargetDependency */ = {
			isa = PBXTargetDependency;
			target = ED270BB824892B28005F70F4 /* PLShopCart */;
			targetProxy = ED270BD524892B2E005F70F4 /* PBXContainerItemProxy */;
		};
		ED270BE124892B2E005F70F4 /* PBXTargetDependency */ = {
			isa = PBXTargetDependency;
			target = ED270BB824892B28005F70F4 /* PLShopCart */;
			targetProxy = ED270BE024892B2E005F70F4 /* PBXContainerItemProxy */;
		};
/* End PBXTargetDependency section */

/* Begin PBXVariantGroup section */
		ED270BC524892B28005F70F4 /* Main.storyboard */ = {
			isa = PBXVariantGroup;
			children = (
				ED270BC624892B28005F70F4 /* Base */,
			);
			name = Main.storyboard;
			sourceTree = "<group>";
		};
		ED270BCA24892B2D005F70F4 /* LaunchScreen.storyboard */ = {
			isa = PBXVariantGroup;
			children = (
				ED270BCB24892B2D005F70F4 /* Base */,
			);
			name = LaunchScreen.storyboard;
			sourceTree = "<group>";
		};
/* End PBXVariantGroup section */

/* Begin XCBuildConfiguration section */
		ED270BE624892B2E005F70F4 /* Debug */ = {
			isa = XCBuildConfiguration;
			buildSettings = {
				ALWAYS_SEARCH_USER_PATHS = NO;
				CLANG_ANALYZER_NONNULL = YES;
				CLANG_ANALYZER_NUMBER_OBJECT_CONVERSION = YES_AGGRESSIVE;
				CLANG_CXX_LANGUAGE_STANDARD = "gnu++14";
				CLANG_CXX_LIBRARY = "libc++";
				CLANG_ENABLE_MODULES = YES;
				CLANG_ENABLE_OBJC_ARC = YES;
				CLANG_ENABLE_OBJC_WEAK = YES;
				CLANG_WARN_BLOCK_CAPTURE_AUTORELEASING = YES;
				CLANG_WARN_BOOL_CONVERSION = YES;
				CLANG_WARN_COMMA = YES;
				CLANG_WARN_CONSTANT_CONVERSION = YES;
				CLANG_WARN_DEPRECATED_OBJC_IMPLEMENTATIONS = YES;
				CLANG_WARN_DIRECT_OBJC_ISA_USAGE = YES_ERROR;
				CLANG_WARN_DOCUMENTATION_COMMENTS = YES;
				CLANG_WARN_EMPTY_BODY = YES;
				CLANG_WARN_ENUM_CONVERSION = YES;
				CLANG_WARN_INFINITE_RECURSION = YES;
				CLANG_WARN_INT_CONVERSION = YES;
				CLANG_WARN_NON_LITERAL_NULL_CONVERSION = YES;
				CLANG_WARN_OBJC_IMPLICIT_RETAIN_SELF = YES;
				CLANG_WARN_OBJC_LITERAL_CONVERSION = YES;
				CLANG_WARN_OBJC_ROOT_CLASS = YES_ERROR;
				CLANG_WARN_RANGE_LOOP_ANALYSIS = YES;
				CLANG_WARN_STRICT_PROTOTYPES = YES;
				CLANG_WARN_SUSPICIOUS_MOVE = YES;
				CLANG_WARN_UNGUARDED_AVAILABILITY = YES_AGGRESSIVE;
				CLANG_WARN_UNREACHABLE_CODE = YES;
				CLANG_WARN__DUPLICATE_METHOD_MATCH = YES;
				COPY_PHASE_STRIP = NO;
				DEBUG_INFORMATION_FORMAT = dwarf;
				ENABLE_STRICT_OBJC_MSGSEND = YES;
				ENABLE_TESTABILITY = YES;
				GCC_C_LANGUAGE_STANDARD = gnu11;
				GCC_DYNAMIC_NO_PIC = NO;
				GCC_NO_COMMON_BLOCKS = YES;
				GCC_OPTIMIZATION_LEVEL = 0;
				GCC_PREPROCESSOR_DEFINITIONS = (
					"DEBUG=1",
					"$(inherited)",
				);
				GCC_WARN_64_TO_32_BIT_CONVERSION = YES;
				GCC_WARN_ABOUT_RETURN_TYPE = YES_ERROR;
				GCC_WARN_UNDECLARED_SELECTOR = YES;
				GCC_WARN_UNINITIALIZED_AUTOS = YES_AGGRESSIVE;
				GCC_WARN_UNUSED_FUNCTION = YES;
				GCC_WARN_UNUSED_VARIABLE = YES;
				IPHONEOS_DEPLOYMENT_TARGET = 13.4;
				MTL_ENABLE_DEBUG_INFO = INCLUDE_SOURCE;
				MTL_FAST_MATH = YES;
				ONLY_ACTIVE_ARCH = YES;
				SDKROOT = iphoneos;
			};
			name = Debug;
		};
		ED270BE724892B2E005F70F4 /* Release */ = {
			isa = XCBuildConfiguration;
			buildSettings = {
				ALWAYS_SEARCH_USER_PATHS = NO;
				CLANG_ANALYZER_NONNULL = YES;
				CLANG_ANALYZER_NUMBER_OBJECT_CONVERSION = YES_AGGRESSIVE;
				CLANG_CXX_LANGUAGE_STANDARD = "gnu++14";
				CLANG_CXX_LIBRARY = "libc++";
				CLANG_ENABLE_MODULES = YES;
				CLANG_ENABLE_OBJC_ARC = YES;
				CLANG_ENABLE_OBJC_WEAK = YES;
				CLANG_WARN_BLOCK_CAPTURE_AUTORELEASING = YES;
				CLANG_WARN_BOOL_CONVERSION = YES;
				CLANG_WARN_COMMA = YES;
				CLANG_WARN_CONSTANT_CONVERSION = YES;
				CLANG_WARN_DEPRECATED_OBJC_IMPLEMENTATIONS = YES;
				CLANG_WARN_DIRECT_OBJC_ISA_USAGE = YES_ERROR;
				CLANG_WARN_DOCUMENTATION_COMMENTS = YES;
				CLANG_WARN_EMPTY_BODY = YES;
				CLANG_WARN_ENUM_CONVERSION = YES;
				CLANG_WARN_INFINITE_RECURSION = YES;
				CLANG_WARN_INT_CONVERSION = YES;
				CLANG_WARN_NON_LITERAL_NULL_CONVERSION = YES;
				CLANG_WARN_OBJC_IMPLICIT_RETAIN_SELF = YES;
				CLANG_WARN_OBJC_LITERAL_CONVERSION = YES;
				CLANG_WARN_OBJC_ROOT_CLASS = YES_ERROR;
				CLANG_WARN_RANGE_LOOP_ANALYSIS = YES;
				CLANG_WARN_STRICT_PROTOTYPES = YES;
				CLANG_WARN_SUSPICIOUS_MOVE = YES;
				CLANG_WARN_UNGUARDED_AVAILABILITY = YES_AGGRESSIVE;
				CLANG_WARN_UNREACHABLE_CODE = YES;
				CLANG_WARN__DUPLICATE_METHOD_MATCH = YES;
				COPY_PHASE_STRIP = NO;
				DEBUG_INFORMATION_FORMAT = "dwarf-with-dsym";
				ENABLE_NS_ASSERTIONS = NO;
				ENABLE_STRICT_OBJC_MSGSEND = YES;
				GCC_C_LANGUAGE_STANDARD = gnu11;
				GCC_NO_COMMON_BLOCKS = YES;
				GCC_WARN_64_TO_32_BIT_CONVERSION = YES;
				GCC_WARN_ABOUT_RETURN_TYPE = YES_ERROR;
				GCC_WARN_UNDECLARED_SELECTOR = YES;
				GCC_WARN_UNINITIALIZED_AUTOS = YES_AGGRESSIVE;
				GCC_WARN_UNUSED_FUNCTION = YES;
				GCC_WARN_UNUSED_VARIABLE = YES;
				IPHONEOS_DEPLOYMENT_TARGET = 13.4;
				MTL_ENABLE_DEBUG_INFO = NO;
				MTL_FAST_MATH = YES;
				SDKROOT = iphoneos;
				VALIDATE_PRODUCT = YES;
			};
			name = Release;
		};
		ED270BE924892B2E005F70F4 /* Debug */ = {
			isa = XCBuildConfiguration;
			baseConfigurationReference = 57B6D3629D0048FDA0C77C8E /* Pods-PLShopCart.debug.xcconfig */;
			buildSettings = {
				ASSETCATALOG_COMPILER_APPICON_NAME = AppIcon;
				CODE_SIGN_STYLE = Automatic;
				INFOPLIST_FILE = PLShopCart/Info.plist;
				LD_RUNPATH_SEARCH_PATHS = (
					"$(inherited)",
					"@executable_path/Frameworks",
				);
				PRODUCT_BUNDLE_IDENTIFIER = com.panlinhai.PLShopCart;
				PRODUCT_NAME = "$(TARGET_NAME)";
				TARGETED_DEVICE_FAMILY = "1,2";
			};
			name = Debug;
		};
		ED270BEA24892B2E005F70F4 /* Release */ = {
			isa = XCBuildConfiguration;
			baseConfigurationReference = 233120C20F05D9D4184257F1 /* Pods-PLShopCart.release.xcconfig */;
			buildSettings = {
				ASSETCATALOG_COMPILER_APPICON_NAME = AppIcon;
				CODE_SIGN_STYLE = Automatic;
				INFOPLIST_FILE = PLShopCart/Info.plist;
				LD_RUNPATH_SEARCH_PATHS = (
					"$(inherited)",
					"@executable_path/Frameworks",
				);
				PRODUCT_BUNDLE_IDENTIFIER = com.panlinhai.PLShopCart;
				PRODUCT_NAME = "$(TARGET_NAME)";
				TARGETED_DEVICE_FAMILY = "1,2";
			};
			name = Release;
		};
		ED270BEC24892B2E005F70F4 /* Debug */ = {
			isa = XCBuildConfiguration;
			baseConfigurationReference = 883BB0B7B5FDEA5549AC5B58 /* Pods-PLShopCartTests.debug.xcconfig */;
			buildSettings = {
				BUNDLE_LOADER = "$(TEST_HOST)";
				CODE_SIGN_STYLE = Automatic;
				INFOPLIST_FILE = PLShopCartTests/Info.plist;
				IPHONEOS_DEPLOYMENT_TARGET = 13.4;
				LD_RUNPATH_SEARCH_PATHS = (
					"$(inherited)",
					"@executable_path/Frameworks",
					"@loader_path/Frameworks",
				);
				PRODUCT_BUNDLE_IDENTIFIER = com.panlinhai.PLShopCartTests;
				PRODUCT_NAME = "$(TARGET_NAME)";
				TARGETED_DEVICE_FAMILY = "1,2";
				TEST_HOST = "$(BUILT_PRODUCTS_DIR)/PLShopCart.app/PLShopCart";
			};
			name = Debug;
		};
		ED270BED24892B2E005F70F4 /* Release */ = {
			isa = XCBuildConfiguration;
			baseConfigurationReference = AFC5F0018949287F78EF62F1 /* Pods-PLShopCartTests.release.xcconfig */;
			buildSettings = {
				BUNDLE_LOADER = "$(TEST_HOST)";
				CODE_SIGN_STYLE = Automatic;
				INFOPLIST_FILE = PLShopCartTests/Info.plist;
				IPHONEOS_DEPLOYMENT_TARGET = 13.4;
				LD_RUNPATH_SEARCH_PATHS = (
					"$(inherited)",
					"@executable_path/Frameworks",
					"@loader_path/Frameworks",
				);
				PRODUCT_BUNDLE_IDENTIFIER = com.panlinhai.PLShopCartTests;
				PRODUCT_NAME = "$(TARGET_NAME)";
				TARGETED_DEVICE_FAMILY = "1,2";
				TEST_HOST = "$(BUILT_PRODUCTS_DIR)/PLShopCart.app/PLShopCart";
			};
			name = Release;
		};
		ED270BEF24892B2E005F70F4 /* Debug */ = {
			isa = XCBuildConfiguration;
			baseConfigurationReference = A77D96645C31C7E564D3A042 /* Pods-PLShopCart-PLShopCartUITests.debug.xcconfig */;
			buildSettings = {
				CODE_SIGN_STYLE = Automatic;
				INFOPLIST_FILE = PLShopCartUITests/Info.plist;
				LD_RUNPATH_SEARCH_PATHS = (
					"$(inherited)",
					"@executable_path/Frameworks",
					"@loader_path/Frameworks",
				);
				PRODUCT_BUNDLE_IDENTIFIER = com.panlinhai.PLShopCartUITests;
				PRODUCT_NAME = "$(TARGET_NAME)";
				TARGETED_DEVICE_FAMILY = "1,2";
				TEST_TARGET_NAME = PLShopCart;
			};
			name = Debug;
		};
		ED270BF024892B2E005F70F4 /* Release */ = {
			isa = XCBuildConfiguration;
			baseConfigurationReference = BADCB6346509875313747A5B /* Pods-PLShopCart-PLShopCartUITests.release.xcconfig */;
			buildSettings = {
				CODE_SIGN_STYLE = Automatic;
				INFOPLIST_FILE = PLShopCartUITests/Info.plist;
				LD_RUNPATH_SEARCH_PATHS = (
					"$(inherited)",
					"@executable_path/Frameworks",
					"@loader_path/Frameworks",
				);
				PRODUCT_BUNDLE_IDENTIFIER = com.panlinhai.PLShopCartUITests;
				PRODUCT_NAME = "$(TARGET_NAME)";
				TARGETED_DEVICE_FAMILY = "1,2";
				TEST_TARGET_NAME = PLShopCart;
			};
			name = Release;
		};
/* End XCBuildConfiguration section */

/* Begin XCConfigurationList section */
		ED270BB424892B28005F70F4 /* Build configuration list for PBXProject "PLShopCart" */ = {
			isa = XCConfigurationList;
			buildConfigurations = (
				ED270BE624892B2E005F70F4 /* Debug */,
				ED270BE724892B2E005F70F4 /* Release */,
			);
			defaultConfigurationIsVisible = 0;
			defaultConfigurationName = Release;
		};
		ED270BE824892B2E005F70F4 /* Build configuration list for PBXNativeTarget "PLShopCart" */ = {
			isa = XCConfigurationList;
			buildConfigurations = (
				ED270BE924892B2E005F70F4 /* Debug */,
				ED270BEA24892B2E005F70F4 /* Release */,
			);
			defaultConfigurationIsVisible = 0;
			defaultConfigurationName = Release;
		};
		ED270BEB24892B2E005F70F4 /* Build configuration list for PBXNativeTarget "PLShopCartTests" */ = {
			isa = XCConfigurationList;
			buildConfigurations = (
				ED270BEC24892B2E005F70F4 /* Debug */,
				ED270BED24892B2E005F70F4 /* Release */,
			);
			defaultConfigurationIsVisible = 0;
			defaultConfigurationName = Release;
		};
		ED270BEE24892B2E005F70F4 /* Build configuration list for PBXNativeTarget "PLShopCartUITests" */ = {
			isa = XCConfigurationList;
			buildConfigurations = (
				ED270BEF24892B2E005F70F4 /* Debug */,
				ED270BF024892B2E005F70F4 /* Release */,
			);
			defaultConfigurationIsVisible = 0;
			defaultConfigurationName = Release;
		};
/* End XCConfigurationList section */
	};
	rootObject = ED270BB124892B28005F70F4 /* Project object */;
}
